
Microsoft Visual Studio Solution File, Format Version 12.00
# Visual Studio Version 17
VisualStudioVersion = 17.10.35013.160
MinimumVisualStudioVersion = 10.0.40219.1
Project("{8BC9CEB8-8B4A-11D0-8D11-00A0C91BC942}") = "SDLet", "SDLet\SDLet.vcxproj", "{3940FA8E-AE73-4D70-BE84-769C23C71399}"
EndProject
Global
	GlobalSection(SolutionConfigurationPlatforms) = preSolution
		Debug|x64 = Debug|x64
		Debug|x86 = Debug|x86
		Release|x64 = Release|x64
		Release|x86 = Release|x86
	EndGlobalSection
	GlobalSection(ProjectConfigurationPlatforms) = postSolution
		{3940FA8E-AE73-4D70-BE84-769C23C71399}.Debug|x64.ActiveCfg = Debug|x64
		{3940FA8E-AE73-4D70-BE84-769C23C71399}.Debug|x64.Build.0 = Debug|x64
		{3940FA8E-AE73-4D70-BE84-769C23C71399}.Debug|x86.ActiveCfg = Debug|Win32
		{3940FA8E-AE73-4D70-BE84-769C23C71399}.Debug|x86.Build.0 = Debug|Win32
		{3940FA8E-AE73-4D70-BE84-769C23C71399}.Release|x64.ActiveCfg = Release|x64
		{3940FA8E-AE73-4D70-BE84-769C23C71399}.Release|x64.Build.0 = Release|x64
		{3940FA8E-AE73-4D70-BE84-769C23C71399}.Release|x86.ActiveCfg = Release|Win32
		{3940FA8E-AE73-4D70-BE84-769C23C71399}.Release|x86.Build.0 = Release|Win32
	EndGlobalSection
	GlobalSection(SolutionProperties) = preSolution
		HideSolutionNode = FALSE
	EndGlobalSection
	GlobalSection(ExtensibilityGlobals) = postSolution
		SolutionGuid = {6E3698E3-9403-4830-A350-6A17B92B03D5}
	EndGlobalSection
EndGlobal
